
Microsoft Visual Studio Solution File, Format Version 12.00
# Visual Studio Version 17
VisualStudioVersion = 17.4.33213.308
MinimumVisualStudioVersion = 10.0.40219.1
Project("{FAE04EC0-301F-11D3-BF4B-00C04F79EFBC}") = "2023_05_24_Tarea1", "2023_05_24_Tarea1.csproj", "{72EF6540-A4CE-4513-878F-222B40BA24A3}"
EndProject
Global
	GlobalSection(SolutionConfigurationPlatforms) = preSolution
		Debug|Any CPU = Debug|Any CPU
		Release|Any CPU = Release|Any CPU
	EndGlobalSection
	GlobalSection(ProjectConfigurationPlatforms) = postSolution
		{72EF6540-A4CE-4513-878F-222B40BA24A3}.Debug|Any CPU.ActiveCfg = Debug|Any CPU
		{72EF6540-A4CE-4513-878F-222B40BA24A3}.Debug|Any CPU.Build.0 = Debug|Any CPU
		{72EF6540-A4CE-4513-878F-222B40BA24A3}.Release|Any CPU.ActiveCfg = Release|Any CPU
		{72EF6540-A4CE-4513-878F-222B40BA24A3}.Release|Any CPU.Build.0 = Release|Any CPU
	EndGlobalSection
	GlobalSection(SolutionProperties) = preSolution
		HideSolutionNode = FALSE
	EndGlobalSection
	GlobalSection(ExtensibilityGlobals) = postSolution
		SolutionGuid = {27ECB295-91CC-4C03-991B-FD8A4C217D51}
	EndGlobalSection
EndGlobal
